
Microsoft Visual Studio Solution File, Format Version 12.00
# Visual Studio Version 17
VisualStudioVersion = 17.3.32929.385
MinimumVisualStudioVersion = 10.0.40219.1
Project("{9A19103F-16F7-4668-BE54-9A1E7A4F7556}") = "RazorPizzeria", "RazorPizzeria.csproj", "{AC3731D2-FD4F-4151-90C5-E8328B51C06C}"
EndProject
Global
	GlobalSection(SolutionConfigurationPlatforms) = preSolution
		Debug|Any CPU = Debug|Any CPU
		Release|Any CPU = Release|Any CPU
	EndGlobalSection
	GlobalSection(ProjectConfigurationPlatforms) = postSolution
		{AC3731D2-FD4F-4151-90C5-E8328B51C06C}.Debug|Any CPU.ActiveCfg = Debug|Any CPU
		{AC3731D2-FD4F-4151-90C5-E8328B51C06C}.Debug|Any CPU.Build.0 = Debug|Any CPU
		{AC3731D2-FD4F-4151-90C5-E8328B51C06C}.Release|Any CPU.ActiveCfg = Release|Any CPU
		{AC3731D2-FD4F-4151-90C5-E8328B51C06C}.Release|Any CPU.Build.0 = Release|Any CPU
	EndGlobalSection
	GlobalSection(SolutionProperties) = preSolution
		HideSolutionNode = FALSE
	EndGlobalSection
	GlobalSection(ExtensibilityGlobals) = postSolution
		SolutionGuid = {DAE38CB0-DFCD-48A8-9AE6-8CDE12D2FE1E}
	EndGlobalSection
EndGlobal
